// !$*UTF8*$!
{
	archiveVersion = 1;
	classes = {
	};
	objectVersion = 55;
	objects = {

/* Begin PBXBuildFile section */
		141A4F932851383A00CABB3D /* TrainingsDetailViewModel.swift in Sources */ = {isa = PBXBuildFile; fileRef = 141A4F922851383A00CABB3D /* TrainingsDetailViewModel.swift */; };
		14C0AD4A28454F7200E5FEA4 /* User.swift in Sources */ = {isa = PBXBuildFile; fileRef = 14C0AD4928454F7200E5FEA4 /* User.swift */; };
		14C0AD4C28454FB000E5FEA4 /* Training.swift in Sources */ = {isa = PBXBuildFile; fileRef = 14C0AD4B28454FB000E5FEA4 /* Training.swift */; };
		6E7CCF6028511B5700E87F1E /* TrainingDetailViewModel.swift in Sources */ = {isa = PBXBuildFile; fileRef = 6E7CCF5F28511B5700E87F1E /* TrainingDetailViewModel.swift */; };
		6EABD7872849343100444347 /* FeedViewController.swift in Sources */ = {isa = PBXBuildFile; fileRef = 6EABD7862849343100444347 /* FeedViewController.swift */; };
		6EB425A028415719005AE67C /* ScheduleViewController.swift in Sources */ = {isa = PBXBuildFile; fileRef = 6EB4259F28415718005AE67C /* ScheduleViewController.swift */; };
		6ED8EBAE28455DD300E962DF /* ScheduleDetailViewController.swift in Sources */ = {isa = PBXBuildFile; fileRef = 6ED8EBAD28455DD300E962DF /* ScheduleDetailViewController.swift */; };
		6ED8EBB0284560C500E962DF /* ScheduleDetailTableViewCell.swift in Sources */ = {isa = PBXBuildFile; fileRef = 6ED8EBAF284560C400E962DF /* ScheduleDetailTableViewCell.swift */; };
		90293CD628403A38000964FE /* RegisterViewController.swift in Sources */ = {isa = PBXBuildFile; fileRef = 90293CD528403A38000964FE /* RegisterViewController.swift */; };
		90B2B481284D4D59003AAA91 /* ProfileViewController.swift in Sources */ = {isa = PBXBuildFile; fileRef = 90B2B480284D4D59003AAA91 /* ProfileViewController.swift */; };
		90B2B483284D4FC0003AAA91 /* ProfileTableViewCell.swift in Sources */ = {isa = PBXBuildFile; fileRef = 90B2B482284D4FC0003AAA91 /* ProfileTableViewCell.swift */; };
		90D0FFD028513FA000143DB3 /* TrainingViewController.swift in Sources */ = {isa = PBXBuildFile; fileRef = 90D0FFCF28513FA000143DB3 /* TrainingViewController.swift */; };
		90D0FFD2285140E300143DB3 /* TrainingViewModel.swift in Sources */ = {isa = PBXBuildFile; fileRef = 90D0FFD1285140E300143DB3 /* TrainingViewModel.swift */; };
		90D0FFD42851448D00143DB3 /* TrainingTableViewCell.swift in Sources */ = {isa = PBXBuildFile; fileRef = 90D0FFD32851448D00143DB3 /* TrainingTableViewCell.swift */; };
		CC086952284D2A7E005E74B0 /* training.json in Resources */ = {isa = PBXBuildFile; fileRef = CC086951284D2A7E005E74B0 /* training.json */; };
		CC086956284D7125005E74B0 /* UserViewModel.swift in Sources */ = {isa = PBXBuildFile; fileRef = CC086955284D7125005E74B0 /* UserViewModel.swift */; };
		CC086958284D8D14005E74B0 /* ProfileViewModel.swift in Sources */ = {isa = PBXBuildFile; fileRef = CC086957284D8D14005E74B0 /* ProfileViewModel.swift */; };
		CC1CB0842842E1320079501C /* CustomTabBarViewController.swift in Sources */ = {isa = PBXBuildFile; fileRef = CC1CB0832842E1320079501C /* CustomTabBarViewController.swift */; };
		CC22396E284FC69B00CBB22C /* TrainingHoursViewModel.swift in Sources */ = {isa = PBXBuildFile; fileRef = CC22396D284FC69B00CBB22C /* TrainingHoursViewModel.swift */; };
		CC223970284FD66600CBB22C /* trainingHours.json in Resources */ = {isa = PBXBuildFile; fileRef = CC22396F284FD66600CBB22C /* trainingHours.json */; };
		CC223972284FD6A500CBB22C /* trainingUsers.json in Resources */ = {isa = PBXBuildFile; fileRef = CC223971284FD6A500CBB22C /* trainingUsers.json */; };
		CC223974284FDAA900CBB22C /* TrainingHoursSerice.swift in Sources */ = {isa = PBXBuildFile; fileRef = CC223973284FDAA900CBB22C /* TrainingHoursSerice.swift */; };
		CC22397A284FF9EA00CBB22C /* TrainingsHoursViewModel.swift in Sources */ = {isa = PBXBuildFile; fileRef = CC223979284FF9EA00CBB22C /* TrainingsHoursViewModel.swift */; };
		CC79805C284153B700ECD18C /* DateCollectionViewCell.swift in Sources */ = {isa = PBXBuildFile; fileRef = CC79805B284153B700ECD18C /* DateCollectionViewCell.swift */; };
		CC79805E284153FA00ECD18C /* ScheduleTableViewCell.swift in Sources */ = {isa = PBXBuildFile; fileRef = CC79805D284153FA00ECD18C /* ScheduleTableViewCell.swift */; };
		CC7E4D9128400863003E5DB1 /* LoginViewController.swift in Sources */ = {isa = PBXBuildFile; fileRef = CC7E4D9028400863003E5DB1 /* LoginViewController.swift */; };
		CC9FE16F2857A86C0010EE58 /* Auth.swift in Sources */ = {isa = PBXBuildFile; fileRef = CC9FE16E2857A86C0010EE58 /* Auth.swift */; };
		CCA94974283D642E00A6FB05 /* AppDelegate.swift in Sources */ = {isa = PBXBuildFile; fileRef = CCA94973283D642E00A6FB05 /* AppDelegate.swift */; };
		CCA94976283D642E00A6FB05 /* SceneDelegate.swift in Sources */ = {isa = PBXBuildFile; fileRef = CCA94975283D642E00A6FB05 /* SceneDelegate.swift */; };
		CCA9497B283D642E00A6FB05 /* Main.storyboard in Resources */ = {isa = PBXBuildFile; fileRef = CCA94979283D642E00A6FB05 /* Main.storyboard */; };
		CCA9497D283D643000A6FB05 /* Assets.xcassets in Resources */ = {isa = PBXBuildFile; fileRef = CCA9497C283D643000A6FB05 /* Assets.xcassets */; };
		CCA94980283D643000A6FB05 /* LaunchScreen.storyboard in Resources */ = {isa = PBXBuildFile; fileRef = CCA9497E283D643000A6FB05 /* LaunchScreen.storyboard */; };
		CCAF5FE0284ED7F900678230 /* UserService.swift in Sources */ = {isa = PBXBuildFile; fileRef = CCAF5FDF284ED7F900678230 /* UserService.swift */; };
		CCBF6F23284C91F8006B89B4 /* user.json in Resources */ = {isa = PBXBuildFile; fileRef = CCBF6F22284C91F8006B89B4 /* user.json */; };
		CCE105702850E4B5006376B8 /* DayViewModel.swift in Sources */ = {isa = PBXBuildFile; fileRef = CCE1056F2850E4B5006376B8 /* DayViewModel.swift */; };
/* End PBXBuildFile section */

/* Begin PBXFileReference section */
		141A4F922851383A00CABB3D /* TrainingsDetailViewModel.swift */ = {isa = PBXFileReference; lastKnownFileType = sourcecode.swift; path = TrainingsDetailViewModel.swift; sourceTree = "<group>"; };
		14C0AD4928454F7200E5FEA4 /* User.swift */ = {isa = PBXFileReference; lastKnownFileType = sourcecode.swift; path = User.swift; sourceTree = "<group>"; };
		14C0AD4B28454FB000E5FEA4 /* Training.swift */ = {isa = PBXFileReference; lastKnownFileType = sourcecode.swift; path = Training.swift; sourceTree = "<group>"; };
		6E7CCF5F28511B5700E87F1E /* TrainingDetailViewModel.swift */ = {isa = PBXFileReference; lastKnownFileType = sourcecode.swift; path = TrainingDetailViewModel.swift; sourceTree = "<group>"; };
		6EABD7862849343100444347 /* FeedViewController.swift */ = {isa = PBXFileReference; lastKnownFileType = sourcecode.swift; path = FeedViewController.swift; sourceTree = "<group>"; };
		6EB4259F28415718005AE67C /* ScheduleViewController.swift */ = {isa = PBXFileReference; lastKnownFileType = sourcecode.swift; path = ScheduleViewController.swift; sourceTree = "<group>"; };
		6ED8EBAD28455DD300E962DF /* ScheduleDetailViewController.swift */ = {isa = PBXFileReference; lastKnownFileType = sourcecode.swift; path = ScheduleDetailViewController.swift; sourceTree = "<group>"; };
		6ED8EBAF284560C400E962DF /* ScheduleDetailTableViewCell.swift */ = {isa = PBXFileReference; lastKnownFileType = sourcecode.swift; path = ScheduleDetailTableViewCell.swift; sourceTree = "<group>"; };
		90293CD528403A38000964FE /* RegisterViewController.swift */ = {isa = PBXFileReference; lastKnownFileType = sourcecode.swift; path = RegisterViewController.swift; sourceTree = "<group>"; };
		90B2B480284D4D59003AAA91 /* ProfileViewController.swift */ = {isa = PBXFileReference; lastKnownFileType = sourcecode.swift; path = ProfileViewController.swift; sourceTree = "<group>"; };
		90B2B482284D4FC0003AAA91 /* ProfileTableViewCell.swift */ = {isa = PBXFileReference; lastKnownFileType = sourcecode.swift; path = ProfileTableViewCell.swift; sourceTree = "<group>"; };
		90D0FFCF28513FA000143DB3 /* TrainingViewController.swift */ = {isa = PBXFileReference; lastKnownFileType = sourcecode.swift; path = TrainingViewController.swift; sourceTree = "<group>"; };
		90D0FFD1285140E300143DB3 /* TrainingViewModel.swift */ = {isa = PBXFileReference; lastKnownFileType = sourcecode.swift; path = TrainingViewModel.swift; sourceTree = "<group>"; };
		90D0FFD32851448D00143DB3 /* TrainingTableViewCell.swift */ = {isa = PBXFileReference; lastKnownFileType = sourcecode.swift; path = TrainingTableViewCell.swift; sourceTree = "<group>"; };
		CC086951284D2A7E005E74B0 /* training.json */ = {isa = PBXFileReference; lastKnownFileType = text.json; path = training.json; sourceTree = "<group>"; };
		CC086955284D7125005E74B0 /* UserViewModel.swift */ = {isa = PBXFileReference; lastKnownFileType = sourcecode.swift; name = UserViewModel.swift; path = ArmyFit/ViewModels/UserViewModel.swift; sourceTree = SOURCE_ROOT; };
		CC086957284D8D14005E74B0 /* ProfileViewModel.swift */ = {isa = PBXFileReference; lastKnownFileType = sourcecode.swift; name = ProfileViewModel.swift; path = ArmyFit/ViewModels/ProfileViewModel.swift; sourceTree = SOURCE_ROOT; };
		CC1CB0832842E1320079501C /* CustomTabBarViewController.swift */ = {isa = PBXFileReference; lastKnownFileType = sourcecode.swift; path = CustomTabBarViewController.swift; sourceTree = "<group>"; };
		CC22396D284FC69B00CBB22C /* TrainingHoursViewModel.swift */ = {isa = PBXFileReference; lastKnownFileType = sourcecode.swift; name = TrainingHoursViewModel.swift; path = ArmyFit/ViewModels/TrainingHoursViewModel.swift; sourceTree = SOURCE_ROOT; };
		CC22396F284FD66600CBB22C /* trainingHours.json */ = {isa = PBXFileReference; lastKnownFileType = text.json; path = trainingHours.json; sourceTree = "<group>"; };
		CC223971284FD6A500CBB22C /* trainingUsers.json */ = {isa = PBXFileReference; lastKnownFileType = text.json; path = trainingUsers.json; sourceTree = "<group>"; };
		CC223973284FDAA900CBB22C /* TrainingHoursSerice.swift */ = {isa = PBXFileReference; lastKnownFileType = sourcecode.swift; path = TrainingHoursSerice.swift; sourceTree = "<group>"; };
		CC223979284FF9EA00CBB22C /* TrainingsHoursViewModel.swift */ = {isa = PBXFileReference; lastKnownFileType = sourcecode.swift; name = TrainingsHoursViewModel.swift; path = ArmyFit/ViewModels/TrainingsHoursViewModel.swift; sourceTree = SOURCE_ROOT; };
		CC79805B284153B700ECD18C /* DateCollectionViewCell.swift */ = {isa = PBXFileReference; lastKnownFileType = sourcecode.swift; path = DateCollectionViewCell.swift; sourceTree = "<group>"; };
		CC79805D284153FA00ECD18C /* ScheduleTableViewCell.swift */ = {isa = PBXFileReference; lastKnownFileType = sourcecode.swift; path = ScheduleTableViewCell.swift; sourceTree = "<group>"; };
		CC7E4D9028400863003E5DB1 /* LoginViewController.swift */ = {isa = PBXFileReference; lastKnownFileType = sourcecode.swift; path = LoginViewController.swift; sourceTree = "<group>"; };
		CC9FE16E2857A86C0010EE58 /* Auth.swift */ = {isa = PBXFileReference; lastKnownFileType = sourcecode.swift; path = Auth.swift; sourceTree = "<group>"; };
		CCA94970283D642E00A6FB05 /* ArmyFit.app */ = {isa = PBXFileReference; explicitFileType = wrapper.application; includeInIndex = 0; path = ArmyFit.app; sourceTree = BUILT_PRODUCTS_DIR; };
		CCA94973283D642E00A6FB05 /* AppDelegate.swift */ = {isa = PBXFileReference; lastKnownFileType = sourcecode.swift; path = AppDelegate.swift; sourceTree = "<group>"; };
		CCA94975283D642E00A6FB05 /* SceneDelegate.swift */ = {isa = PBXFileReference; lastKnownFileType = sourcecode.swift; path = SceneDelegate.swift; sourceTree = "<group>"; };
		CCA9497A283D642E00A6FB05 /* Base */ = {isa = PBXFileReference; lastKnownFileType = file.storyboard; name = Base; path = Base.lproj/Main.storyboard; sourceTree = "<group>"; };
		CCA9497C283D643000A6FB05 /* Assets.xcassets */ = {isa = PBXFileReference; lastKnownFileType = folder.assetcatalog; path = Assets.xcassets; sourceTree = "<group>"; };
		CCA9497F283D643000A6FB05 /* Base */ = {isa = PBXFileReference; lastKnownFileType = file.storyboard; name = Base; path = Base.lproj/LaunchScreen.storyboard; sourceTree = "<group>"; };
		CCA94981283D643000A6FB05 /* Info.plist */ = {isa = PBXFileReference; lastKnownFileType = text.plist.xml; path = Info.plist; sourceTree = "<group>"; };
		CCAF5FDF284ED7F900678230 /* UserService.swift */ = {isa = PBXFileReference; lastKnownFileType = sourcecode.swift; path = UserService.swift; sourceTree = "<group>"; };
		CCBF6F22284C91F8006B89B4 /* user.json */ = {isa = PBXFileReference; lastKnownFileType = text.json; path = user.json; sourceTree = "<group>"; };
		CCE1056F2850E4B5006376B8 /* DayViewModel.swift */ = {isa = PBXFileReference; lastKnownFileType = sourcecode.swift; path = DayViewModel.swift; sourceTree = "<group>"; };
/* End PBXFileReference section */

/* Begin PBXFrameworksBuildPhase section */
		CCA9496D283D642E00A6FB05 /* Frameworks */ = {
			isa = PBXFrameworksBuildPhase;
			buildActionMask = 2147483647;
			files = (
			);
			runOnlyForDeploymentPostprocessing = 0;
		};
/* End PBXFrameworksBuildPhase section */

/* Begin PBXGroup section */
		14C0AD4828454F4700E5FEA4 /* Model */ = {
			isa = PBXGroup;
			children = (
				CC9FE16E2857A86C0010EE58 /* Auth.swift */,
				14C0AD4928454F7200E5FEA4 /* User.swift */,
				14C0AD4B28454FB000E5FEA4 /* Training.swift */,
			);
			path = Model;
			sourceTree = "<group>";
		};
		CC79805A2841539A00ECD18C /* Cells */ = {
			isa = PBXGroup;
			children = (
				CC79805B284153B700ECD18C /* DateCollectionViewCell.swift */,
				CC79805D284153FA00ECD18C /* ScheduleTableViewCell.swift */,
				6ED8EBAF284560C400E962DF /* ScheduleDetailTableViewCell.swift */,
				90B2B482284D4FC0003AAA91 /* ProfileTableViewCell.swift */,
				90D0FFD32851448D00143DB3 /* TrainingTableViewCell.swift */,
			);
			path = Cells;
			sourceTree = "<group>";
		};
		CC7E4D8E28400835003E5DB1 /* View */ = {
			isa = PBXGroup;
			children = (
				CC79805A2841539A00ECD18C /* Cells */,
				CCA94979283D642E00A6FB05 /* Main.storyboard */,
				CC7E4D9028400863003E5DB1 /* LoginViewController.swift */,
				90293CD528403A38000964FE /* RegisterViewController.swift */,
				6EB4259F28415718005AE67C /* ScheduleViewController.swift */,
				6ED8EBAD28455DD300E962DF /* ScheduleDetailViewController.swift */,
				CC1CB0832842E1320079501C /* CustomTabBarViewController.swift */,
				6EABD7862849343100444347 /* FeedViewController.swift */,
				90B2B480284D4D59003AAA91 /* ProfileViewController.swift */,
				90D0FFCF28513FA000143DB3 /* TrainingViewController.swift */,
			);
			path = View;
			sourceTree = "<group>";
		};
		CC916E53284A9C2D002A4AE1 /* Service */ = {
			isa = PBXGroup;
			children = (
				CCAF5FDF284ED7F900678230 /* UserService.swift */,
				CC223973284FDAA900CBB22C /* TrainingHoursSerice.swift */,
			);
			path = Service;
			sourceTree = "<group>";
		};
		CCA94967283D642E00A6FB05 = {
			isa = PBXGroup;
			children = (
				CCA94972283D642E00A6FB05 /* ArmyFit */,
				CCA94971283D642E00A6FB05 /* Products */,
			);
			sourceTree = "<group>";
		};
		CCA94971283D642E00A6FB05 /* Products */ = {
			isa = PBXGroup;
			children = (
				CCA94970283D642E00A6FB05 /* ArmyFit.app */,
			);
			name = Products;
			sourceTree = "<group>";
		};
		CCA94972283D642E00A6FB05 /* ArmyFit */ = {
			isa = PBXGroup;
			children = (
				CCA94973283D642E00A6FB05 /* AppDelegate.swift */,
				CCA94975283D642E00A6FB05 /* SceneDelegate.swift */,
				CC916E53284A9C2D002A4AE1 /* Service */,
				14C0AD4828454F4700E5FEA4 /* Model */,
				CC7E4D8E28400835003E5DB1 /* View */,
				CCE1056C2850E438006376B8 /* ViewModels */,
				CCA9497C283D643000A6FB05 /* Assets.xcassets */,
				CCA9497E283D643000A6FB05 /* LaunchScreen.storyboard */,
				CCA94981283D643000A6FB05 /* Info.plist */,
				CCBF6F22284C91F8006B89B4 /* user.json */,
				CC086951284D2A7E005E74B0 /* training.json */,
				CC22396F284FD66600CBB22C /* trainingHours.json */,
				CC223971284FD6A500CBB22C /* trainingUsers.json */,
			);
			path = ArmyFit;
			sourceTree = "<group>";
		};
		CCE1056C2850E438006376B8 /* ViewModels */ = {
			isa = PBXGroup;
			children = (
				CC086955284D7125005E74B0 /* UserViewModel.swift */,
				CC086957284D8D14005E74B0 /* ProfileViewModel.swift */,
				CC223979284FF9EA00CBB22C /* TrainingsHoursViewModel.swift */,
				CC22396D284FC69B00CBB22C /* TrainingHoursViewModel.swift */,
				CCE1056F2850E4B5006376B8 /* DayViewModel.swift */,
				90D0FFD1285140E300143DB3 /* TrainingViewModel.swift */,
				6E7CCF5F28511B5700E87F1E /* TrainingDetailViewModel.swift */,
				141A4F922851383A00CABB3D /* TrainingsDetailViewModel.swift */,
			);
			path = ViewModels;
			sourceTree = "<group>";
		};
/* End PBXGroup section */

/* Begin PBXNativeTarget section */
		CCA9496F283D642E00A6FB05 /* ArmyFit */ = {
			isa = PBXNativeTarget;
			buildConfigurationList = CCA94984283D643000A6FB05 /* Build configuration list for PBXNativeTarget "ArmyFit" */;
			buildPhases = (
				CCA9496C283D642E00A6FB05 /* Sources */,
				CCA9496D283D642E00A6FB05 /* Frameworks */,
				CCA9496E283D642E00A6FB05 /* Resources */,
			);
			buildRules = (
			);
			dependencies = (
			);
			name = ArmyFit;
			productName = ArmyFit;
			productReference = CCA94970283D642E00A6FB05 /* ArmyFit.app */;
			productType = "com.apple.product-type.application";
		};
/* End PBXNativeTarget section */

/* Begin PBXProject section */
		CCA94968283D642E00A6FB05 /* Project object */ = {
			isa = PBXProject;
			attributes = {
				BuildIndependentTargetsInParallel = 1;
				LastSwiftUpdateCheck = 1340;
				LastUpgradeCheck = 1340;
				TargetAttributes = {
					CCA9496F283D642E00A6FB05 = {
						CreatedOnToolsVersion = 13.4;
					};
				};
			};
			buildConfigurationList = CCA9496B283D642E00A6FB05 /* Build configuration list for PBXProject "ArmyFit" */;
			compatibilityVersion = "Xcode 13.0";
			developmentRegion = en;
			hasScannedForEncodings = 0;
			knownRegions = (
				en,
				Base,
			);
			mainGroup = CCA94967283D642E00A6FB05;
			productRefGroup = CCA94971283D642E00A6FB05 /* Products */;
			projectDirPath = "";
			projectRoot = "";
			targets = (
				CCA9496F283D642E00A6FB05 /* ArmyFit */,
			);
		};
/* End PBXProject section */

/* Begin PBXResourcesBuildPhase section */
		CCA9496E283D642E00A6FB05 /* Resources */ = {
			isa = PBXResourcesBuildPhase;
			buildActionMask = 2147483647;
			files = (
				CCBF6F23284C91F8006B89B4 /* user.json in Resources */,
				CC223972284FD6A500CBB22C /* trainingUsers.json in Resources */,
				CC223970284FD66600CBB22C /* trainingHours.json in Resources */,
				CC086952284D2A7E005E74B0 /* training.json in Resources */,
				CCA94980283D643000A6FB05 /* LaunchScreen.storyboard in Resources */,
				CCA9497D283D643000A6FB05 /* Assets.xcassets in Resources */,
				CCA9497B283D642E00A6FB05 /* Main.storyboard in Resources */,
			);
			runOnlyForDeploymentPostprocessing = 0;
		};
/* End PBXResourcesBuildPhase section */

/* Begin PBXSourcesBuildPhase section */
		CCA9496C283D642E00A6FB05 /* Sources */ = {
			isa = PBXSourcesBuildPhase;
			buildActionMask = 2147483647;
			files = (
				CC086958284D8D14005E74B0 /* ProfileViewModel.swift in Sources */,
				CC7E4D9128400863003E5DB1 /* LoginViewController.swift in Sources */,
				6ED8EBB0284560C500E962DF /* ScheduleDetailTableViewCell.swift in Sources */,
				6ED8EBAE28455DD300E962DF /* ScheduleDetailViewController.swift in Sources */,
				CCA94974283D642E00A6FB05 /* AppDelegate.swift in Sources */,
				CC1CB0842842E1320079501C /* CustomTabBarViewController.swift in Sources */,
				CC79805E284153FA00ECD18C /* ScheduleTableViewCell.swift in Sources */,
				CC22396E284FC69B00CBB22C /* TrainingHoursViewModel.swift in Sources */,
				CCA94976283D642E00A6FB05 /* SceneDelegate.swift in Sources */,
				90D0FFD028513FA000143DB3 /* TrainingViewController.swift in Sources */,
				90D0FFD42851448D00143DB3 /* TrainingTableViewCell.swift in Sources */,
				CC9FE16F2857A86C0010EE58 /* Auth.swift in Sources */,
				14C0AD4A28454F7200E5FEA4 /* User.swift in Sources */,
				90B2B483284D4FC0003AAA91 /* ProfileTableViewCell.swift in Sources */,
				90293CD628403A38000964FE /* RegisterViewController.swift in Sources */,
				CC22397A284FF9EA00CBB22C /* TrainingsHoursViewModel.swift in Sources */,
				6E7CCF6028511B5700E87F1E /* TrainingDetailViewModel.swift in Sources */,
				6EB425A028415719005AE67C /* ScheduleViewController.swift in Sources */,
				CCAF5FE0284ED7F900678230 /* UserService.swift in Sources */,
				CCE105702850E4B5006376B8 /* DayViewModel.swift in Sources */,
				14C0AD4C28454FB000E5FEA4 /* Training.swift in Sources */,
				141A4F932851383A00CABB3D /* TrainingsDetailViewModel.swift in Sources */,
				90B2B481284D4D59003AAA91 /* ProfileViewController.swift in Sources */,
				CC086956284D7125005E74B0 /* UserViewModel.swift in Sources */,
				6EABD7872849343100444347 /* FeedViewController.swift in Sources */,
				CC223974284FDAA900CBB22C /* TrainingHoursSerice.swift in Sources */,
				CC79805C284153B700ECD18C /* DateCollectionViewCell.swift in Sources */,
				90D0FFD2285140E300143DB3 /* TrainingViewModel.swift in Sources */,
			);
			runOnlyForDeploymentPostprocessing = 0;
		};
/* End PBXSourcesBuildPhase section */

/* Begin PBXVariantGroup section */
		CCA94979283D642E00A6FB05 /* Main.storyboard */ = {
			isa = PBXVariantGroup;
			children = (
				CCA9497A283D642E00A6FB05 /* Base */,
			);
			name = Main.storyboard;
			sourceTree = "<group>";
		};
		CCA9497E283D643000A6FB05 /* LaunchScreen.storyboard */ = {
			isa = PBXVariantGroup;
			children = (
				CCA9497F283D643000A6FB05 /* Base */,
			);
			name = LaunchScreen.storyboard;
			sourceTree = "<group>";
		};
/* End PBXVariantGroup section */

/* Begin XCBuildConfiguration section */
		CCA94982283D643000A6FB05 /* Debug */ = {
			isa = XCBuildConfiguration;
			buildSettings = {
				ALWAYS_SEARCH_USER_PATHS = NO;
				CLANG_ANALYZER_NONNULL = YES;
				CLANG_ANALYZER_NUMBER_OBJECT_CONVERSION = YES_AGGRESSIVE;
				CLANG_CXX_LANGUAGE_STANDARD = "gnu++17";
				CLANG_ENABLE_MODULES = YES;
				CLANG_ENABLE_OBJC_ARC = YES;
				CLANG_ENABLE_OBJC_WEAK = YES;
				CLANG_WARN_BLOCK_CAPTURE_AUTORELEASING = YES;
				CLANG_WARN_BOOL_CONVERSION = YES;
				CLANG_WARN_COMMA = YES;
				CLANG_WARN_CONSTANT_CONVERSION = YES;
				CLANG_WARN_DEPRECATED_OBJC_IMPLEMENTATIONS = YES;
				CLANG_WARN_DIRECT_OBJC_ISA_USAGE = YES_ERROR;
				CLANG_WARN_DOCUMENTATION_COMMENTS = YES;
				CLANG_WARN_EMPTY_BODY = YES;
				CLANG_WARN_ENUM_CONVERSION = YES;
				CLANG_WARN_INFINITE_RECURSION = YES;
				CLANG_WARN_INT_CONVERSION = YES;
				CLANG_WARN_NON_LITERAL_NULL_CONVERSION = YES;
				CLANG_WARN_OBJC_IMPLICIT_RETAIN_SELF = YES;
				CLANG_WARN_OBJC_LITERAL_CONVERSION = YES;
				CLANG_WARN_OBJC_ROOT_CLASS = YES_ERROR;
				CLANG_WARN_QUOTED_INCLUDE_IN_FRAMEWORK_HEADER = YES;
				CLANG_WARN_RANGE_LOOP_ANALYSIS = YES;
				CLANG_WARN_STRICT_PROTOTYPES = YES;
				CLANG_WARN_SUSPICIOUS_MOVE = YES;
				CLANG_WARN_UNGUARDED_AVAILABILITY = YES_AGGRESSIVE;
				CLANG_WARN_UNREACHABLE_CODE = YES;
				CLANG_WARN__DUPLICATE_METHOD_MATCH = YES;
				COPY_PHASE_STRIP = NO;
				DEBUG_INFORMATION_FORMAT = dwarf;
				ENABLE_STRICT_OBJC_MSGSEND = YES;
				ENABLE_TESTABILITY = YES;
				GCC_C_LANGUAGE_STANDARD = gnu11;
				GCC_DYNAMIC_NO_PIC = NO;
				GCC_NO_COMMON_BLOCKS = YES;
				GCC_OPTIMIZATION_LEVEL = 0;
				GCC_PREPROCESSOR_DEFINITIONS = (
					"DEBUG=1",
					"$(inherited)",
				);
				GCC_WARN_64_TO_32_BIT_CONVERSION = YES;
				GCC_WARN_ABOUT_RETURN_TYPE = YES_ERROR;
				GCC_WARN_UNDECLARED_SELECTOR = YES;
				GCC_WARN_UNINITIALIZED_AUTOS = YES_AGGRESSIVE;
				GCC_WARN_UNUSED_FUNCTION = YES;
				GCC_WARN_UNUSED_VARIABLE = YES;
				IPHONEOS_DEPLOYMENT_TARGET = 14.0;
				MTL_ENABLE_DEBUG_INFO = INCLUDE_SOURCE;
				MTL_FAST_MATH = YES;
				ONLY_ACTIVE_ARCH = YES;
				SDKROOT = iphoneos;
				SWIFT_ACTIVE_COMPILATION_CONDITIONS = DEBUG;
				SWIFT_OPTIMIZATION_LEVEL = "-Onone";
			};
			name = Debug;
		};
		CCA94983283D643000A6FB05 /* Release */ = {
			isa = XCBuildConfiguration;
			buildSettings = {
				ALWAYS_SEARCH_USER_PATHS = NO;
				CLANG_ANALYZER_NONNULL = YES;
				CLANG_ANALYZER_NUMBER_OBJECT_CONVERSION = YES_AGGRESSIVE;
				CLANG_CXX_LANGUAGE_STANDARD = "gnu++17";
				CLANG_ENABLE_MODULES = YES;
				CLANG_ENABLE_OBJC_ARC = YES;
				CLANG_ENABLE_OBJC_WEAK = YES;
				CLANG_WARN_BLOCK_CAPTURE_AUTORELEASING = YES;
				CLANG_WARN_BOOL_CONVERSION = YES;
				CLANG_WARN_COMMA = YES;
				CLANG_WARN_CONSTANT_CONVERSION = YES;
				CLANG_WARN_DEPRECATED_OBJC_IMPLEMENTATIONS = YES;
				CLANG_WARN_DIRECT_OBJC_ISA_USAGE = YES_ERROR;
				CLANG_WARN_DOCUMENTATION_COMMENTS = YES;
				CLANG_WARN_EMPTY_BODY = YES;
				CLANG_WARN_ENUM_CONVERSION = YES;
				CLANG_WARN_INFINITE_RECURSION = YES;
				CLANG_WARN_INT_CONVERSION = YES;
				CLANG_WARN_NON_LITERAL_NULL_CONVERSION = YES;
				CLANG_WARN_OBJC_IMPLICIT_RETAIN_SELF = YES;
				CLANG_WARN_OBJC_LITERAL_CONVERSION = YES;
				CLANG_WARN_OBJC_ROOT_CLASS = YES_ERROR;
				CLANG_WARN_QUOTED_INCLUDE_IN_FRAMEWORK_HEADER = YES;
				CLANG_WARN_RANGE_LOOP_ANALYSIS = YES;
				CLANG_WARN_STRICT_PROTOTYPES = YES;
				CLANG_WARN_SUSPICIOUS_MOVE = YES;
				CLANG_WARN_UNGUARDED_AVAILABILITY = YES_AGGRESSIVE;
				CLANG_WARN_UNREACHABLE_CODE = YES;
				CLANG_WARN__DUPLICATE_METHOD_MATCH = YES;
				COPY_PHASE_STRIP = NO;
				DEBUG_INFORMATION_FORMAT = "dwarf-with-dsym";
				ENABLE_NS_ASSERTIONS = NO;
				ENABLE_STRICT_OBJC_MSGSEND = YES;
				GCC_C_LANGUAGE_STANDARD = gnu11;
				GCC_NO_COMMON_BLOCKS = YES;
				GCC_WARN_64_TO_32_BIT_CONVERSION = YES;
				GCC_WARN_ABOUT_RETURN_TYPE = YES_ERROR;
				GCC_WARN_UNDECLARED_SELECTOR = YES;
				GCC_WARN_UNINITIALIZED_AUTOS = YES_AGGRESSIVE;
				GCC_WARN_UNUSED_FUNCTION = YES;
				GCC_WARN_UNUSED_VARIABLE = YES;
				IPHONEOS_DEPLOYMENT_TARGET = 14.0;
				MTL_ENABLE_DEBUG_INFO = NO;
				MTL_FAST_MATH = YES;
				SDKROOT = iphoneos;
				SWIFT_COMPILATION_MODE = wholemodule;
				SWIFT_OPTIMIZATION_LEVEL = "-O";
				VALIDATE_PRODUCT = YES;
			};
			name = Release;
		};
		CCA94985283D643000A6FB05 /* Debug */ = {
			isa = XCBuildConfiguration;
			buildSettings = {
				ASSETCATALOG_COMPILER_APPICON_NAME = AppIcon;
				ASSETCATALOG_COMPILER_GLOBAL_ACCENT_COLOR_NAME = AccentColor;
				CODE_SIGN_STYLE = Automatic;
				CURRENT_PROJECT_VERSION = 1;
				DEVELOPMENT_TEAM = L859KY23VK;
				GENERATE_INFOPLIST_FILE = YES;
				INFOPLIST_FILE = ArmyFit/Info.plist;
				INFOPLIST_KEY_UIApplicationSupportsIndirectInputEvents = YES;
				INFOPLIST_KEY_UILaunchStoryboardName = LaunchScreen;
				INFOPLIST_KEY_UIMainStoryboardFile = Main;
				INFOPLIST_KEY_UISupportedInterfaceOrientations_iPad = "UIInterfaceOrientationPortrait UIInterfaceOrientationPortraitUpsideDown UIInterfaceOrientationLandscapeLeft UIInterfaceOrientationLandscapeRight";
				INFOPLIST_KEY_UISupportedInterfaceOrientations_iPhone = "UIInterfaceOrientationPortrait UIInterfaceOrientationLandscapeLeft UIInterfaceOrientationLandscapeRight";
				IPHONEOS_DEPLOYMENT_TARGET = 14.0;
				LD_RUNPATH_SEARCH_PATHS = (
					"$(inherited)",
					"@executable_path/Frameworks",
				);
				MARKETING_VERSION = 1.0;
				PRODUCT_BUNDLE_IDENTIFIER = com.jeanlucas.ArmyFit;
				PRODUCT_NAME = "$(TARGET_NAME)";
				SWIFT_EMIT_LOC_STRINGS = YES;
				SWIFT_VERSION = 5.0;
				TARGETED_DEVICE_FAMILY = "1,2";
			};
			name = Debug;
		};
		CCA94986283D643000A6FB05 /* Release */ = {
			isa = XCBuildConfiguration;
			buildSettings = {
				ASSETCATALOG_COMPILER_APPICON_NAME = AppIcon;
				ASSETCATALOG_COMPILER_GLOBAL_ACCENT_COLOR_NAME = AccentColor;
				CODE_SIGN_STYLE = Automatic;
				CURRENT_PROJECT_VERSION = 1;
				DEVELOPMENT_TEAM = L859KY23VK;
				GENERATE_INFOPLIST_FILE = YES;
				INFOPLIST_FILE = ArmyFit/Info.plist;
				INFOPLIST_KEY_UIApplicationSupportsIndirectInputEvents = YES;
				INFOPLIST_KEY_UILaunchStoryboardName = LaunchScreen;
				INFOPLIST_KEY_UIMainStoryboardFile = Main;
				INFOPLIST_KEY_UISupportedInterfaceOrientations_iPad = "UIInterfaceOrientationPortrait UIInterfaceOrientationPortraitUpsideDown UIInterfaceOrientationLandscapeLeft UIInterfaceOrientationLandscapeRight";
				INFOPLIST_KEY_UISupportedInterfaceOrientations_iPhone = "UIInterfaceOrientationPortrait UIInterfaceOrientationLandscapeLeft UIInterfaceOrientationLandscapeRight";
				IPHONEOS_DEPLOYMENT_TARGET = 14.0;
				LD_RUNPATH_SEARCH_PATHS = (
					"$(inherited)",
					"@executable_path/Frameworks",
				);
				MARKETING_VERSION = 1.0;
				PRODUCT_BUNDLE_IDENTIFIER = com.jeanlucas.ArmyFit;
				PRODUCT_NAME = "$(TARGET_NAME)";
				SWIFT_EMIT_LOC_STRINGS = YES;
				SWIFT_VERSION = 5.0;
				TARGETED_DEVICE_FAMILY = "1,2";
			};
			name = Release;
		};
/* End XCBuildConfiguration section */

/* Begin XCConfigurationList section */
		CCA9496B283D642E00A6FB05 /* Build configuration list for PBXProject "ArmyFit" */ = {
			isa = XCConfigurationList;
			buildConfigurations = (
				CCA94982283D643000A6FB05 /* Debug */,
				CCA94983283D643000A6FB05 /* Release */,
			);
			defaultConfigurationIsVisible = 0;
			defaultConfigurationName = Release;
		};
		CCA94984283D643000A6FB05 /* Build configuration list for PBXNativeTarget "ArmyFit" */ = {
			isa = XCConfigurationList;
			buildConfigurations = (
				CCA94985283D643000A6FB05 /* Debug */,
				CCA94986283D643000A6FB05 /* Release */,
			);
			defaultConfigurationIsVisible = 0;
			defaultConfigurationName = Release;
		};
/* End XCConfigurationList section */
	};
	rootObject = CCA94968283D642E00A6FB05 /* Project object */;
}
