// !$*UTF8*$!
{
	archiveVersion = 1;
	classes = {
	};
	objectVersion = 55;
	objects = {

/* Begin PBXBuildFile section */
		144FF8AA285FABBA0014B6E7 /* ScheduleDetailTableViewCell.swift in Sources */ = {isa = PBXBuildFile; fileRef = 144FF8A9285FABBA0014B6E7 /* ScheduleDetailTableViewCell.swift */; };
		144FF8AC285FABD90014B6E7 /* ScheduleDetailViewController.swift in Sources */ = {isa = PBXBuildFile; fileRef = 144FF8AB285FABD90014B6E7 /* ScheduleDetailViewController.swift */; };
		144FF8B0285FACC70014B6E7 /* RegisterTrainingViewModel.swift in Sources */ = {isa = PBXBuildFile; fileRef = 144FF8AD285FACC70014B6E7 /* RegisterTrainingViewModel.swift */; };
		144FF8B1285FACC70014B6E7 /* SchedulesViewModel.swift in Sources */ = {isa = PBXBuildFile; fileRef = 144FF8AE285FACC70014B6E7 /* SchedulesViewModel.swift */; };
		144FF8B2285FACC70014B6E7 /* ScheduleDetailViewModel.swift in Sources */ = {isa = PBXBuildFile; fileRef = 144FF8AF285FACC70014B6E7 /* ScheduleDetailViewModel.swift */; };
		144FF8B42860F8FE0014B6E7 /* TrainingHoursService.swift in Sources */ = {isa = PBXBuildFile; fileRef = 144FF8B32860F8FE0014B6E7 /* TrainingHoursService.swift */; };
		14C0AD4A28454F7200E5FEA4 /* User.swift in Sources */ = {isa = PBXBuildFile; fileRef = 14C0AD4928454F7200E5FEA4 /* User.swift */; };
		14C0AD4C28454FB000E5FEA4 /* Training.swift in Sources */ = {isa = PBXBuildFile; fileRef = 14C0AD4B28454FB000E5FEA4 /* Training.swift */; };
		6E277B5628590D4B00672B92 /* RegisterViewModel.swift in Sources */ = {isa = PBXBuildFile; fileRef = 6E277B5528590D4B00672B92 /* RegisterViewModel.swift */; };
		6E3B8ED92857BCDA0023E5A7 /* LoginViewModel.swift in Sources */ = {isa = PBXBuildFile; fileRef = 6E3B8ED82857BCDA0023E5A7 /* LoginViewModel.swift */; };
		6E4DDBBF286641690038E652 /* PostViewController.swift in Sources */ = {isa = PBXBuildFile; fileRef = 6E4DDBBE286641680038E652 /* PostViewController.swift */; };
		6EABD7872849343100444347 /* FeedViewController.swift in Sources */ = {isa = PBXBuildFile; fileRef = 6EABD7862849343100444347 /* FeedViewController.swift */; };
		6EB425A028415719005AE67C /* ScheduleViewController.swift in Sources */ = {isa = PBXBuildFile; fileRef = 6EB4259F28415718005AE67C /* ScheduleViewController.swift */; };
		90293CD628403A38000964FE /* RegisterViewController.swift in Sources */ = {isa = PBXBuildFile; fileRef = 90293CD528403A38000964FE /* RegisterViewController.swift */; };
		9091028628624C5200A03DFF /* TrainingViewController.swift in Sources */ = {isa = PBXBuildFile; fileRef = 9091028528624C5200A03DFF /* TrainingViewController.swift */; };
		90B2B481284D4D59003AAA91 /* ProfileViewController.swift in Sources */ = {isa = PBXBuildFile; fileRef = 90B2B480284D4D59003AAA91 /* ProfileViewController.swift */; };
		90B2B483284D4FC0003AAA91 /* ProfileTableViewCell.swift in Sources */ = {isa = PBXBuildFile; fileRef = 90B2B482284D4FC0003AAA91 /* ProfileTableViewCell.swift */; };
		90D000122857AE8500143DB3 /* AuthService.swift in Sources */ = {isa = PBXBuildFile; fileRef = 90D000112857AE8500143DB3 /* AuthService.swift */; };
		90D0FFD028513FA000143DB3 /* TrainingDetailViewController.swift in Sources */ = {isa = PBXBuildFile; fileRef = 90D0FFCF28513FA000143DB3 /* TrainingDetailViewController.swift */; };
		90D0FFD2285140E300143DB3 /* TrainingsViewModel.swift in Sources */ = {isa = PBXBuildFile; fileRef = 90D0FFD1285140E300143DB3 /* TrainingsViewModel.swift */; };
		90D0FFD42851448D00143DB3 /* TrainingTableViewCell.swift in Sources */ = {isa = PBXBuildFile; fileRef = 90D0FFD32851448D00143DB3 /* TrainingTableViewCell.swift */; };
		CC086958284D8D14005E74B0 /* ProfileViewModel.swift in Sources */ = {isa = PBXBuildFile; fileRef = CC086957284D8D14005E74B0 /* ProfileViewModel.swift */; };
		CC1CB0842842E1320079501C /* CustomTabBarViewController.swift in Sources */ = {isa = PBXBuildFile; fileRef = CC1CB0832842E1320079501C /* CustomTabBarViewController.swift */; };
		CC22396E284FC69B00CBB22C /* ScheduleViewModel.swift in Sources */ = {isa = PBXBuildFile; fileRef = CC22396D284FC69B00CBB22C /* ScheduleViewModel.swift */; };
		CC3E326D285A4CD600B7AA7B /* String+Extension.swift in Sources */ = {isa = PBXBuildFile; fileRef = CC3E326C285A4CD600B7AA7B /* String+Extension.swift */; };
		CC42A674285C45D900F2F857 /* PostViewModel.swift in Sources */ = {isa = PBXBuildFile; fileRef = CC42A673285C45D900F2F857 /* PostViewModel.swift */; };
		CC42A676285C516500F2F857 /* PostCollectionViewCell.swift in Sources */ = {isa = PBXBuildFile; fileRef = CC42A675285C516500F2F857 /* PostCollectionViewCell.swift */; };
		CC52D997286243FA00C10680 /* TrainingHours.swift in Sources */ = {isa = PBXBuildFile; fileRef = CC52D996286243FA00C10680 /* TrainingHours.swift */; };
		CC52D9992862440F00C10680 /* TrainingUser.swift in Sources */ = {isa = PBXBuildFile; fileRef = CC52D9982862440F00C10680 /* TrainingUser.swift */; };
		CC52D99B2862444300C10680 /* CommentPost.swift in Sources */ = {isa = PBXBuildFile; fileRef = CC52D99A2862444300C10680 /* CommentPost.swift */; };
		CC52D99E2862446C00C10680 /* LikePost.swift in Sources */ = {isa = PBXBuildFile; fileRef = CC52D99D2862446C00C10680 /* LikePost.swift */; };
		CC52D9A12862449C00C10680 /* UserResponse.swift in Sources */ = {isa = PBXBuildFile; fileRef = CC52D9A02862449C00C10680 /* UserResponse.swift */; };
		CC63E188285A520F009446D2 /* UserDefaults+Extension.swift in Sources */ = {isa = PBXBuildFile; fileRef = CC63E187285A520F009446D2 /* UserDefaults+Extension.swift */; };
		CC79805C284153B700ECD18C /* DateCollectionViewCell.swift in Sources */ = {isa = PBXBuildFile; fileRef = CC79805B284153B700ECD18C /* DateCollectionViewCell.swift */; };
		CC79805E284153FA00ECD18C /* ScheduleTableViewCell.swift in Sources */ = {isa = PBXBuildFile; fileRef = CC79805D284153FA00ECD18C /* ScheduleTableViewCell.swift */; };
		CC7A2A212863B05A00E9943B /* TrainingDetailViewModel.swift in Sources */ = {isa = PBXBuildFile; fileRef = CC7A2A202863B05A00E9943B /* TrainingDetailViewModel.swift */; };
		CC7E4D9128400863003E5DB1 /* LoginViewController.swift in Sources */ = {isa = PBXBuildFile; fileRef = CC7E4D9028400863003E5DB1 /* LoginViewController.swift */; };
		CC9B2E82285949A40081745D /* Date+Extension.swift in Sources */ = {isa = PBXBuildFile; fileRef = CC9B2E81285949A40081745D /* Date+Extension.swift */; };
		CC9FE16F2857A86C0010EE58 /* Auth.swift in Sources */ = {isa = PBXBuildFile; fileRef = CC9FE16E2857A86C0010EE58 /* Auth.swift */; };
		CC9FE1722857CCDB0010EE58 /* HideKeyboard+Extension.swift in Sources */ = {isa = PBXBuildFile; fileRef = CC9FE1712857CCDB0010EE58 /* HideKeyboard+Extension.swift */; };
		CCA94974283D642E00A6FB05 /* AppDelegate.swift in Sources */ = {isa = PBXBuildFile; fileRef = CCA94973283D642E00A6FB05 /* AppDelegate.swift */; };
		CCA94976283D642E00A6FB05 /* SceneDelegate.swift in Sources */ = {isa = PBXBuildFile; fileRef = CCA94975283D642E00A6FB05 /* SceneDelegate.swift */; };
		CCA9497B283D642E00A6FB05 /* Main.storyboard in Resources */ = {isa = PBXBuildFile; fileRef = CCA94979283D642E00A6FB05 /* Main.storyboard */; };
		CCA9497D283D643000A6FB05 /* Assets.xcassets in Resources */ = {isa = PBXBuildFile; fileRef = CCA9497C283D643000A6FB05 /* Assets.xcassets */; };
		CCA94980283D643000A6FB05 /* LaunchScreen.storyboard in Resources */ = {isa = PBXBuildFile; fileRef = CCA9497E283D643000A6FB05 /* LaunchScreen.storyboard */; };
		CCAF5FE0284ED7F900678230 /* UserService.swift in Sources */ = {isa = PBXBuildFile; fileRef = CCAF5FDF284ED7F900678230 /* UserService.swift */; };
		CCBDF758286A3FA9009F3FB9 /* NewPostViewModel.swift in Sources */ = {isa = PBXBuildFile; fileRef = CCBDF757286A3FA9009F3FB9 /* NewPostViewModel.swift */; };
		CCCB48A6285C0A2A00AEC1E2 /* Post.swift in Sources */ = {isa = PBXBuildFile; fileRef = CCCB48A5285C0A2A00AEC1E2 /* Post.swift */; };
		CCCB48A8285C0C3300AEC1E2 /* PostService.swift in Sources */ = {isa = PBXBuildFile; fileRef = CCCB48A7285C0C3300AEC1E2 /* PostService.swift */; };
		CCCB48AA285C36EC00AEC1E2 /* PostsViewModel.swift in Sources */ = {isa = PBXBuildFile; fileRef = CCCB48A9285C36EC00AEC1E2 /* PostsViewModel.swift */; };
		CCE105702850E4B5006376B8 /* DayViewModel.swift in Sources */ = {isa = PBXBuildFile; fileRef = CCE1056F2850E4B5006376B8 /* DayViewModel.swift */; };
		CCE1F2032864EECB0072F231 /* TrainingViewModel.swift in Sources */ = {isa = PBXBuildFile; fileRef = CCE1F2022864EECB0072F231 /* TrainingViewModel.swift */; };
		CCE1F20B28652BE00072F231 /* TrainingUserSection.swift in Sources */ = {isa = PBXBuildFile; fileRef = CCE1F20A28652BE00072F231 /* TrainingUserSection.swift */; };
		F865A093BFEAFFCA63C167B2 /* Pods_ArmyFit.framework in Frameworks */ = {isa = PBXBuildFile; fileRef = 693603C10A79B8F9F7DCEB67 /* Pods_ArmyFit.framework */; };
/* End PBXBuildFile section */

/* Begin PBXFileReference section */
		144FF8A9285FABBA0014B6E7 /* ScheduleDetailTableViewCell.swift */ = {isa = PBXFileReference; fileEncoding = 4; lastKnownFileType = sourcecode.swift; path = ScheduleDetailTableViewCell.swift; sourceTree = "<group>"; };
		144FF8AB285FABD90014B6E7 /* ScheduleDetailViewController.swift */ = {isa = PBXFileReference; fileEncoding = 4; lastKnownFileType = sourcecode.swift; path = ScheduleDetailViewController.swift; sourceTree = "<group>"; };
		144FF8AD285FACC70014B6E7 /* RegisterTrainingViewModel.swift */ = {isa = PBXFileReference; fileEncoding = 4; lastKnownFileType = sourcecode.swift; path = RegisterTrainingViewModel.swift; sourceTree = "<group>"; };
		144FF8AE285FACC70014B6E7 /* SchedulesViewModel.swift */ = {isa = PBXFileReference; fileEncoding = 4; lastKnownFileType = sourcecode.swift; path = SchedulesViewModel.swift; sourceTree = "<group>"; };
		144FF8AF285FACC70014B6E7 /* ScheduleDetailViewModel.swift */ = {isa = PBXFileReference; fileEncoding = 4; lastKnownFileType = sourcecode.swift; path = ScheduleDetailViewModel.swift; sourceTree = "<group>"; };
		144FF8B32860F8FE0014B6E7 /* TrainingHoursService.swift */ = {isa = PBXFileReference; fileEncoding = 4; lastKnownFileType = sourcecode.swift; path = TrainingHoursService.swift; sourceTree = "<group>"; };
		14C0AD4928454F7200E5FEA4 /* User.swift */ = {isa = PBXFileReference; lastKnownFileType = sourcecode.swift; path = User.swift; sourceTree = "<group>"; };
		14C0AD4B28454FB000E5FEA4 /* Training.swift */ = {isa = PBXFileReference; lastKnownFileType = sourcecode.swift; path = Training.swift; sourceTree = "<group>"; };
		61915DC3C8EEC918FBE56A8D /* Pods-ArmyFit.release.xcconfig */ = {isa = PBXFileReference; includeInIndex = 1; lastKnownFileType = text.xcconfig; name = "Pods-ArmyFit.release.xcconfig"; path = "Target Support Files/Pods-ArmyFit/Pods-ArmyFit.release.xcconfig"; sourceTree = "<group>"; };
		693603C10A79B8F9F7DCEB67 /* Pods_ArmyFit.framework */ = {isa = PBXFileReference; explicitFileType = wrapper.framework; includeInIndex = 0; path = Pods_ArmyFit.framework; sourceTree = BUILT_PRODUCTS_DIR; };
		6E277B5528590D4B00672B92 /* RegisterViewModel.swift */ = {isa = PBXFileReference; lastKnownFileType = sourcecode.swift; path = RegisterViewModel.swift; sourceTree = "<group>"; };
		6E3B8ED82857BCDA0023E5A7 /* LoginViewModel.swift */ = {isa = PBXFileReference; lastKnownFileType = sourcecode.swift; path = LoginViewModel.swift; sourceTree = "<group>"; };
		6E4DDBBE286641680038E652 /* PostViewController.swift */ = {isa = PBXFileReference; lastKnownFileType = sourcecode.swift; path = PostViewController.swift; sourceTree = "<group>"; };
		6EABD7862849343100444347 /* FeedViewController.swift */ = {isa = PBXFileReference; lastKnownFileType = sourcecode.swift; path = FeedViewController.swift; sourceTree = "<group>"; };
		6EB4259F28415718005AE67C /* ScheduleViewController.swift */ = {isa = PBXFileReference; lastKnownFileType = sourcecode.swift; path = ScheduleViewController.swift; sourceTree = "<group>"; };
		6FDAE7A2B05CA73E29CD5B3C /* Pods-ArmyFit.debug.xcconfig */ = {isa = PBXFileReference; includeInIndex = 1; lastKnownFileType = text.xcconfig; name = "Pods-ArmyFit.debug.xcconfig"; path = "Target Support Files/Pods-ArmyFit/Pods-ArmyFit.debug.xcconfig"; sourceTree = "<group>"; };
		90293CD528403A38000964FE /* RegisterViewController.swift */ = {isa = PBXFileReference; lastKnownFileType = sourcecode.swift; path = RegisterViewController.swift; sourceTree = "<group>"; };
		9091028528624C5200A03DFF /* TrainingViewController.swift */ = {isa = PBXFileReference; lastKnownFileType = sourcecode.swift; path = TrainingViewController.swift; sourceTree = "<group>"; };
		90B2B480284D4D59003AAA91 /* ProfileViewController.swift */ = {isa = PBXFileReference; lastKnownFileType = sourcecode.swift; path = ProfileViewController.swift; sourceTree = "<group>"; };
		90B2B482284D4FC0003AAA91 /* ProfileTableViewCell.swift */ = {isa = PBXFileReference; lastKnownFileType = sourcecode.swift; path = ProfileTableViewCell.swift; sourceTree = "<group>"; };
		90D000112857AE8500143DB3 /* AuthService.swift */ = {isa = PBXFileReference; lastKnownFileType = sourcecode.swift; path = AuthService.swift; sourceTree = "<group>"; };
		90D0FFCF28513FA000143DB3 /* TrainingDetailViewController.swift */ = {isa = PBXFileReference; lastKnownFileType = sourcecode.swift; path = TrainingDetailViewController.swift; sourceTree = "<group>"; };
		90D0FFD1285140E300143DB3 /* TrainingsViewModel.swift */ = {isa = PBXFileReference; lastKnownFileType = sourcecode.swift; path = TrainingsViewModel.swift; sourceTree = "<group>"; };
		90D0FFD32851448D00143DB3 /* TrainingTableViewCell.swift */ = {isa = PBXFileReference; lastKnownFileType = sourcecode.swift; path = TrainingTableViewCell.swift; sourceTree = "<group>"; };
		CC086957284D8D14005E74B0 /* ProfileViewModel.swift */ = {isa = PBXFileReference; lastKnownFileType = sourcecode.swift; name = ProfileViewModel.swift; path = ArmyFit/ViewModels/Profile/ProfileViewModel.swift; sourceTree = SOURCE_ROOT; };
		CC1CB0832842E1320079501C /* CustomTabBarViewController.swift */ = {isa = PBXFileReference; lastKnownFileType = sourcecode.swift; path = CustomTabBarViewController.swift; sourceTree = "<group>"; };
		CC22396D284FC69B00CBB22C /* ScheduleViewModel.swift */ = {isa = PBXFileReference; lastKnownFileType = sourcecode.swift; name = ScheduleViewModel.swift; path = ArmyFit/ViewModels/Schedules/ScheduleViewModel.swift; sourceTree = SOURCE_ROOT; };
		CC3E326C285A4CD600B7AA7B /* String+Extension.swift */ = {isa = PBXFileReference; lastKnownFileType = sourcecode.swift; path = "String+Extension.swift"; sourceTree = "<group>"; };
		CC42A673285C45D900F2F857 /* PostViewModel.swift */ = {isa = PBXFileReference; lastKnownFileType = sourcecode.swift; path = PostViewModel.swift; sourceTree = "<group>"; };
		CC42A675285C516500F2F857 /* PostCollectionViewCell.swift */ = {isa = PBXFileReference; lastKnownFileType = sourcecode.swift; path = PostCollectionViewCell.swift; sourceTree = "<group>"; };
		CC52D996286243FA00C10680 /* TrainingHours.swift */ = {isa = PBXFileReference; lastKnownFileType = sourcecode.swift; path = TrainingHours.swift; sourceTree = "<group>"; };
		CC52D9982862440F00C10680 /* TrainingUser.swift */ = {isa = PBXFileReference; lastKnownFileType = sourcecode.swift; path = TrainingUser.swift; sourceTree = "<group>"; };
		CC52D99A2862444300C10680 /* CommentPost.swift */ = {isa = PBXFileReference; lastKnownFileType = sourcecode.swift; path = CommentPost.swift; sourceTree = "<group>"; };
		CC52D99D2862446C00C10680 /* LikePost.swift */ = {isa = PBXFileReference; lastKnownFileType = sourcecode.swift; path = LikePost.swift; sourceTree = "<group>"; };
		CC52D9A02862449C00C10680 /* UserResponse.swift */ = {isa = PBXFileReference; lastKnownFileType = sourcecode.swift; path = UserResponse.swift; sourceTree = "<group>"; };
		CC63E187285A520F009446D2 /* UserDefaults+Extension.swift */ = {isa = PBXFileReference; lastKnownFileType = sourcecode.swift; path = "UserDefaults+Extension.swift"; sourceTree = "<group>"; };
		CC79805B284153B700ECD18C /* DateCollectionViewCell.swift */ = {isa = PBXFileReference; lastKnownFileType = sourcecode.swift; path = DateCollectionViewCell.swift; sourceTree = "<group>"; };
		CC79805D284153FA00ECD18C /* ScheduleTableViewCell.swift */ = {isa = PBXFileReference; lastKnownFileType = sourcecode.swift; path = ScheduleTableViewCell.swift; sourceTree = "<group>"; };
		CC7A2A202863B05A00E9943B /* TrainingDetailViewModel.swift */ = {isa = PBXFileReference; lastKnownFileType = sourcecode.swift; path = TrainingDetailViewModel.swift; sourceTree = "<group>"; };
		CC7E4D9028400863003E5DB1 /* LoginViewController.swift */ = {isa = PBXFileReference; lastKnownFileType = sourcecode.swift; path = LoginViewController.swift; sourceTree = "<group>"; };
		CC9B2E81285949A40081745D /* Date+Extension.swift */ = {isa = PBXFileReference; lastKnownFileType = sourcecode.swift; path = "Date+Extension.swift"; sourceTree = "<group>"; };
		CC9FE16E2857A86C0010EE58 /* Auth.swift */ = {isa = PBXFileReference; lastKnownFileType = sourcecode.swift; path = Auth.swift; sourceTree = "<group>"; };
		CC9FE1712857CCDB0010EE58 /* HideKeyboard+Extension.swift */ = {isa = PBXFileReference; lastKnownFileType = sourcecode.swift; path = "HideKeyboard+Extension.swift"; sourceTree = "<group>"; };
		CCA94970283D642E00A6FB05 /* ArmyFit.app */ = {isa = PBXFileReference; explicitFileType = wrapper.application; includeInIndex = 0; path = ArmyFit.app; sourceTree = BUILT_PRODUCTS_DIR; };
		CCA94973283D642E00A6FB05 /* AppDelegate.swift */ = {isa = PBXFileReference; lastKnownFileType = sourcecode.swift; path = AppDelegate.swift; sourceTree = "<group>"; };
		CCA94975283D642E00A6FB05 /* SceneDelegate.swift */ = {isa = PBXFileReference; lastKnownFileType = sourcecode.swift; path = SceneDelegate.swift; sourceTree = "<group>"; };
		CCA9497A283D642E00A6FB05 /* Base */ = {isa = PBXFileReference; lastKnownFileType = file.storyboard; name = Base; path = Base.lproj/Main.storyboard; sourceTree = "<group>"; };
		CCA9497C283D643000A6FB05 /* Assets.xcassets */ = {isa = PBXFileReference; lastKnownFileType = folder.assetcatalog; path = Assets.xcassets; sourceTree = "<group>"; };
		CCA9497F283D643000A6FB05 /* Base */ = {isa = PBXFileReference; lastKnownFileType = file.storyboard; name = Base; path = Base.lproj/LaunchScreen.storyboard; sourceTree = "<group>"; };
		CCA94981283D643000A6FB05 /* Info.plist */ = {isa = PBXFileReference; lastKnownFileType = text.plist.xml; path = Info.plist; sourceTree = "<group>"; };
		CCAF5FDF284ED7F900678230 /* UserService.swift */ = {isa = PBXFileReference; lastKnownFileType = sourcecode.swift; path = UserService.swift; sourceTree = "<group>"; };
		CCBDF757286A3FA9009F3FB9 /* NewPostViewModel.swift */ = {isa = PBXFileReference; lastKnownFileType = sourcecode.swift; path = NewPostViewModel.swift; sourceTree = "<group>"; };
		CCCB48A5285C0A2A00AEC1E2 /* Post.swift */ = {isa = PBXFileReference; lastKnownFileType = sourcecode.swift; path = Post.swift; sourceTree = "<group>"; };
		CCCB48A7285C0C3300AEC1E2 /* PostService.swift */ = {isa = PBXFileReference; lastKnownFileType = sourcecode.swift; path = PostService.swift; sourceTree = "<group>"; };
		CCCB48A9285C36EC00AEC1E2 /* PostsViewModel.swift */ = {isa = PBXFileReference; lastKnownFileType = sourcecode.swift; path = PostsViewModel.swift; sourceTree = "<group>"; };
		CCE1056F2850E4B5006376B8 /* DayViewModel.swift */ = {isa = PBXFileReference; lastKnownFileType = sourcecode.swift; path = DayViewModel.swift; sourceTree = "<group>"; };
		CCE1F2022864EECB0072F231 /* TrainingViewModel.swift */ = {isa = PBXFileReference; lastKnownFileType = sourcecode.swift; path = TrainingViewModel.swift; sourceTree = "<group>"; };
		CCE1F20A28652BE00072F231 /* TrainingUserSection.swift */ = {isa = PBXFileReference; lastKnownFileType = sourcecode.swift; path = TrainingUserSection.swift; sourceTree = "<group>"; };
/* End PBXFileReference section */

/* Begin PBXFrameworksBuildPhase section */
		CCA9496D283D642E00A6FB05 /* Frameworks */ = {
			isa = PBXFrameworksBuildPhase;
			buildActionMask = 2147483647;
			files = (
				F865A093BFEAFFCA63C167B2 /* Pods_ArmyFit.framework in Frameworks */,
			);
			runOnlyForDeploymentPostprocessing = 0;
		};
/* End PBXFrameworksBuildPhase section */

/* Begin PBXGroup section */
		14C0AD4828454F4700E5FEA4 /* Models */ = {
			isa = PBXGroup;
			children = (
				14C0AD4928454F7200E5FEA4 /* User.swift */,
				CC52D9A2286244AD00C10680 /* Login */,
				CC52D99F2862447E00C10680 /* Feed */,
				CC52D99C2862445800C10680 /* Training */,
			);
			path = Models;
			sourceTree = "<group>";
		};
		2BB84705ADF050CD8801EA9C /* Frameworks */ = {
			isa = PBXGroup;
			children = (
				693603C10A79B8F9F7DCEB67 /* Pods_ArmyFit.framework */,
			);
			name = Frameworks;
			sourceTree = "<group>";
		};
		9AFDCE65B446BD427B88FCE5 /* Pods */ = {
			isa = PBXGroup;
			children = (
				6FDAE7A2B05CA73E29CD5B3C /* Pods-ArmyFit.debug.xcconfig */,
				61915DC3C8EEC918FBE56A8D /* Pods-ArmyFit.release.xcconfig */,
			);
			path = Pods;
			sourceTree = "<group>";
		};
		CC52D99C2862445800C10680 /* Training */ = {
			isa = PBXGroup;
			children = (
				14C0AD4B28454FB000E5FEA4 /* Training.swift */,
				CC52D9982862440F00C10680 /* TrainingUser.swift */,
				CC52D996286243FA00C10680 /* TrainingHours.swift */,
			);
			path = Training;
			sourceTree = "<group>";
		};
		CC52D99F2862447E00C10680 /* Feed */ = {
			isa = PBXGroup;
			children = (
				CCCB48A5285C0A2A00AEC1E2 /* Post.swift */,
				CC52D99D2862446C00C10680 /* LikePost.swift */,
				CC52D99A2862444300C10680 /* CommentPost.swift */,
			);
			path = Feed;
			sourceTree = "<group>";
		};
		CC52D9A2286244AD00C10680 /* Login */ = {
			isa = PBXGroup;
			children = (
				CC9FE16E2857A86C0010EE58 /* Auth.swift */,
				CC52D9A02862449C00C10680 /* UserResponse.swift */,
			);
			path = Login;
			sourceTree = "<group>";
		};
		CC7E4D8E28400835003E5DB1 /* Views */ = {
			isa = PBXGroup;
			children = (
				CCFB5AE728714D2200A7A9B4 /* Login */,
				CCFB5AE628714D1C00A7A9B4 /* Register */,
				CCFB5AE528714D0E00A7A9B4 /* TabBar */,
				CCFB5AE428714CE400A7A9B4 /* Feed */,
				CCFB5AE328714CDC00A7A9B4 /* Post */,
				CCFB5AE228714CBB00A7A9B4 /* Schedule */,
				CCFB5AE128714CAD00A7A9B4 /* ScheduleDetail */,
				CCFB5ADF28714C7E00A7A9B4 /* Training */,
				CCFB5AE028714C9200A7A9B4 /* TrainingDetail */,
				CCFB5ADE28714C7600A7A9B4 /* Profile */,
			);
			path = Views;
			sourceTree = "<group>";
		};
		CC916E53284A9C2D002A4AE1 /* Service */ = {
			isa = PBXGroup;
			children = (
				90D000112857AE8500143DB3 /* AuthService.swift */,
				CCAF5FDF284ED7F900678230 /* UserService.swift */,
				144FF8B32860F8FE0014B6E7 /* TrainingHoursService.swift */,
				CCCB48A7285C0C3300AEC1E2 /* PostService.swift */,
			);
			path = Service;
			sourceTree = "<group>";
		};
		CC9FE1702857CCAA0010EE58 /* Extensions */ = {
			isa = PBXGroup;
			children = (
				CC63E187285A520F009446D2 /* UserDefaults+Extension.swift */,
				CC9B2E81285949A40081745D /* Date+Extension.swift */,
				CC9FE1712857CCDB0010EE58 /* HideKeyboard+Extension.swift */,
				CC3E326C285A4CD600B7AA7B /* String+Extension.swift */,
			);
			path = Extensions;
			sourceTree = "<group>";
		};
		CCA94967283D642E00A6FB05 = {
			isa = PBXGroup;
			children = (
				CCA94972283D642E00A6FB05 /* ArmyFit */,
				CCA94971283D642E00A6FB05 /* Products */,
				9AFDCE65B446BD427B88FCE5 /* Pods */,
				2BB84705ADF050CD8801EA9C /* Frameworks */,
			);
			sourceTree = "<group>";
		};
		CCA94971283D642E00A6FB05 /* Products */ = {
			isa = PBXGroup;
			children = (
				CCA94970283D642E00A6FB05 /* ArmyFit.app */,
			);
			name = Products;
			sourceTree = "<group>";
		};
		CCA94972283D642E00A6FB05 /* ArmyFit */ = {
			isa = PBXGroup;
			children = (
				CCFB5ADC28714C0B00A7A9B4 /* Utils */,
				CC9FE1702857CCAA0010EE58 /* Extensions */,
				CC916E53284A9C2D002A4AE1 /* Service */,
				14C0AD4828454F4700E5FEA4 /* Models */,
				CC7E4D8E28400835003E5DB1 /* Views */,
				CCE1056C2850E438006376B8 /* ViewModels */,
				CCFB5ADD28714C1A00A7A9B4 /* Resources */,
				CCA94981283D643000A6FB05 /* Info.plist */,
			);
			path = ArmyFit;
			sourceTree = "<group>";
		};
		CCE1056C2850E438006376B8 /* ViewModels */ = {
			isa = PBXGroup;
			children = (
				CCE1056F2850E4B5006376B8 /* DayViewModel.swift */,
				CCE1F2072864F7F80072F231 /* Login */,
				CCE1F2082864F8000072F231 /* Register */,
				CCE1F2042864F76C0072F231 /* Feed */,
				CCE1F2052864F77D0072F231 /* Schedules */,
				CCE1F2062864F7D90072F231 /* Training */,
				CCE1F2092864F8120072F231 /* Profile */,
			);
			path = ViewModels;
			sourceTree = "<group>";
		};
		CCE1F2042864F76C0072F231 /* Feed */ = {
			isa = PBXGroup;
			children = (
				CCCB48A9285C36EC00AEC1E2 /* PostsViewModel.swift */,
				CC42A673285C45D900F2F857 /* PostViewModel.swift */,
				CCBDF757286A3FA9009F3FB9 /* NewPostViewModel.swift */,
			);
			path = Feed;
			sourceTree = "<group>";
		};
		CCE1F2052864F77D0072F231 /* Schedules */ = {
			isa = PBXGroup;
			children = (
				144FF8AE285FACC70014B6E7 /* SchedulesViewModel.swift */,
				CC22396D284FC69B00CBB22C /* ScheduleViewModel.swift */,
				144FF8AF285FACC70014B6E7 /* ScheduleDetailViewModel.swift */,
				144FF8AD285FACC70014B6E7 /* RegisterTrainingViewModel.swift */,
			);
			path = Schedules;
			sourceTree = "<group>";
		};
		CCE1F2062864F7D90072F231 /* Training */ = {
			isa = PBXGroup;
			children = (
				90D0FFD1285140E300143DB3 /* TrainingsViewModel.swift */,
				CC7A2A202863B05A00E9943B /* TrainingDetailViewModel.swift */,
				CCE1F2022864EECB0072F231 /* TrainingViewModel.swift */,
				CCE1F20A28652BE00072F231 /* TrainingUserSection.swift */,
			);
			path = Training;
			sourceTree = "<group>";
		};
		CCE1F2072864F7F80072F231 /* Login */ = {
			isa = PBXGroup;
			children = (
				6E3B8ED82857BCDA0023E5A7 /* LoginViewModel.swift */,
			);
			path = Login;
			sourceTree = "<group>";
		};
		CCE1F2082864F8000072F231 /* Register */ = {
			isa = PBXGroup;
			children = (
				6E277B5528590D4B00672B92 /* RegisterViewModel.swift */,
			);
			path = Register;
			sourceTree = "<group>";
		};
		CCE1F2092864F8120072F231 /* Profile */ = {
			isa = PBXGroup;
			children = (
				CC086957284D8D14005E74B0 /* ProfileViewModel.swift */,
			);
			path = Profile;
			sourceTree = "<group>";
		};
		CCFB5ADC28714C0B00A7A9B4 /* Utils */ = {
			isa = PBXGroup;
			children = (
				CCA94973283D642E00A6FB05 /* AppDelegate.swift */,
				CCA94975283D642E00A6FB05 /* SceneDelegate.swift */,
			);
			path = Utils;
			sourceTree = "<group>";
		};
		CCFB5ADD28714C1A00A7A9B4 /* Resources */ = {
			isa = PBXGroup;
			children = (
				CCA94979283D642E00A6FB05 /* Main.storyboard */,
				CCA9497C283D643000A6FB05 /* Assets.xcassets */,
				CCA9497E283D643000A6FB05 /* LaunchScreen.storyboard */,
			);
			path = Resources;
			sourceTree = "<group>";
		};
		CCFB5ADE28714C7600A7A9B4 /* Profile */ = {
			isa = PBXGroup;
			children = (
				90B2B482284D4FC0003AAA91 /* ProfileTableViewCell.swift */,
				90B2B480284D4D59003AAA91 /* ProfileViewController.swift */,
			);
			path = Profile;
			sourceTree = "<group>";
		};
		CCFB5ADF28714C7E00A7A9B4 /* Training */ = {
			isa = PBXGroup;
			children = (
				90D0FFD32851448D00143DB3 /* TrainingTableViewCell.swift */,
				9091028528624C5200A03DFF /* TrainingViewController.swift */,
			);
			path = Training;
			sourceTree = "<group>";
		};
		CCFB5AE028714C9200A7A9B4 /* TrainingDetail */ = {
			isa = PBXGroup;
			children = (
				90D0FFCF28513FA000143DB3 /* TrainingDetailViewController.swift */,
			);
			path = TrainingDetail;
			sourceTree = "<group>";
		};
		CCFB5AE128714CAD00A7A9B4 /* ScheduleDetail */ = {
			isa = PBXGroup;
			children = (
				144FF8A9285FABBA0014B6E7 /* ScheduleDetailTableViewCell.swift */,
				144FF8AB285FABD90014B6E7 /* ScheduleDetailViewController.swift */,
			);
			path = ScheduleDetail;
			sourceTree = "<group>";
		};
		CCFB5AE228714CBB00A7A9B4 /* Schedule */ = {
			isa = PBXGroup;
			children = (
				CC79805B284153B700ECD18C /* DateCollectionViewCell.swift */,
				CC79805D284153FA00ECD18C /* ScheduleTableViewCell.swift */,
				6EB4259F28415718005AE67C /* ScheduleViewController.swift */,
			);
			path = Schedule;
			sourceTree = "<group>";
		};
		CCFB5AE328714CDC00A7A9B4 /* Post */ = {
			isa = PBXGroup;
			children = (
				6E4DDBBE286641680038E652 /* PostViewController.swift */,
			);
			path = Post;
			sourceTree = "<group>";
		};
		CCFB5AE428714CE400A7A9B4 /* Feed */ = {
			isa = PBXGroup;
			children = (
				CC42A675285C516500F2F857 /* PostCollectionViewCell.swift */,
				6EABD7862849343100444347 /* FeedViewController.swift */,
			);
			path = Feed;
			sourceTree = "<group>";
		};
		CCFB5AE528714D0E00A7A9B4 /* TabBar */ = {
			isa = PBXGroup;
			children = (
				CC1CB0832842E1320079501C /* CustomTabBarViewController.swift */,
			);
			path = TabBar;
			sourceTree = "<group>";
		};
		CCFB5AE628714D1C00A7A9B4 /* Register */ = {
			isa = PBXGroup;
			children = (
				90293CD528403A38000964FE /* RegisterViewController.swift */,
			);
			path = Register;
			sourceTree = "<group>";
		};
		CCFB5AE728714D2200A7A9B4 /* Login */ = {
			isa = PBXGroup;
			children = (
				CC7E4D9028400863003E5DB1 /* LoginViewController.swift */,
			);
			path = Login;
			sourceTree = "<group>";
		};
/* End PBXGroup section */

/* Begin PBXNativeTarget section */
		CCA9496F283D642E00A6FB05 /* ArmyFit */ = {
			isa = PBXNativeTarget;
			buildConfigurationList = CCA94984283D643000A6FB05 /* Build configuration list for PBXNativeTarget "ArmyFit" */;
			buildPhases = (
				C079E4D60E2B5134F4027553 /* [CP] Check Pods Manifest.lock */,
				CCA9496C283D642E00A6FB05 /* Sources */,
				CCA9496D283D642E00A6FB05 /* Frameworks */,
				CCA9496E283D642E00A6FB05 /* Resources */,
				1658559927436C12D6E7FD5D /* [CP] Embed Pods Frameworks */,
			);
			buildRules = (
			);
			dependencies = (
			);
			name = ArmyFit;
			productName = ArmyFit;
			productReference = CCA94970283D642E00A6FB05 /* ArmyFit.app */;
			productType = "com.apple.product-type.application";
		};
/* End PBXNativeTarget section */

/* Begin PBXProject section */
		CCA94968283D642E00A6FB05 /* Project object */ = {
			isa = PBXProject;
			attributes = {
				BuildIndependentTargetsInParallel = 1;
				LastSwiftUpdateCheck = 1340;
				LastUpgradeCheck = 1340;
				TargetAttributes = {
					CCA9496F283D642E00A6FB05 = {
						CreatedOnToolsVersion = 13.4;
					};
				};
			};
			buildConfigurationList = CCA9496B283D642E00A6FB05 /* Build configuration list for PBXProject "ArmyFit" */;
			compatibilityVersion = "Xcode 13.0";
			developmentRegion = en;
			hasScannedForEncodings = 0;
			knownRegions = (
				en,
				Base,
			);
			mainGroup = CCA94967283D642E00A6FB05;
			productRefGroup = CCA94971283D642E00A6FB05 /* Products */;
			projectDirPath = "";
			projectRoot = "";
			targets = (
				CCA9496F283D642E00A6FB05 /* ArmyFit */,
			);
		};
/* End PBXProject section */

/* Begin PBXResourcesBuildPhase section */
		CCA9496E283D642E00A6FB05 /* Resources */ = {
			isa = PBXResourcesBuildPhase;
			buildActionMask = 2147483647;
			files = (
				CCA94980283D643000A6FB05 /* LaunchScreen.storyboard in Resources */,
				CCA9497D283D643000A6FB05 /* Assets.xcassets in Resources */,
				CCA9497B283D642E00A6FB05 /* Main.storyboard in Resources */,
			);
			runOnlyForDeploymentPostprocessing = 0;
		};
/* End PBXResourcesBuildPhase section */

/* Begin PBXShellScriptBuildPhase section */
		1658559927436C12D6E7FD5D /* [CP] Embed Pods Frameworks */ = {
			isa = PBXShellScriptBuildPhase;
			buildActionMask = 2147483647;
			files = (
			);
			inputFileListPaths = (
				"${PODS_ROOT}/Target Support Files/Pods-ArmyFit/Pods-ArmyFit-frameworks-${CONFIGURATION}-input-files.xcfilelist",
			);
			name = "[CP] Embed Pods Frameworks";
			outputFileListPaths = (
				"${PODS_ROOT}/Target Support Files/Pods-ArmyFit/Pods-ArmyFit-frameworks-${CONFIGURATION}-output-files.xcfilelist",
			);
			runOnlyForDeploymentPostprocessing = 0;
			shellPath = /bin/sh;
			shellScript = "\"${PODS_ROOT}/Target Support Files/Pods-ArmyFit/Pods-ArmyFit-frameworks.sh\"\n";
			showEnvVarsInLog = 0;
		};
		C079E4D60E2B5134F4027553 /* [CP] Check Pods Manifest.lock */ = {
			isa = PBXShellScriptBuildPhase;
			buildActionMask = 2147483647;
			files = (
			);
			inputFileListPaths = (
			);
			inputPaths = (
				"${PODS_PODFILE_DIR_PATH}/Podfile.lock",
				"${PODS_ROOT}/Manifest.lock",
			);
			name = "[CP] Check Pods Manifest.lock";
			outputFileListPaths = (
			);
			outputPaths = (
				"$(DERIVED_FILE_DIR)/Pods-ArmyFit-checkManifestLockResult.txt",
			);
			runOnlyForDeploymentPostprocessing = 0;
			shellPath = /bin/sh;
			shellScript = "diff \"${PODS_PODFILE_DIR_PATH}/Podfile.lock\" \"${PODS_ROOT}/Manifest.lock\" > /dev/null\nif [ $? != 0 ] ; then\n    # print error to STDERR\n    echo \"error: The sandbox is not in sync with the Podfile.lock. Run 'pod install' or update your CocoaPods installation.\" >&2\n    exit 1\nfi\n# This output is used by Xcode 'outputs' to avoid re-running this script phase.\necho \"SUCCESS\" > \"${SCRIPT_OUTPUT_FILE_0}\"\n";
			showEnvVarsInLog = 0;
		};
/* End PBXShellScriptBuildPhase section */

/* Begin PBXSourcesBuildPhase section */
		CCA9496C283D642E00A6FB05 /* Sources */ = {
			isa = PBXSourcesBuildPhase;
			buildActionMask = 2147483647;
			files = (
				CC42A674285C45D900F2F857 /* PostViewModel.swift in Sources */,
				CC52D99B2862444300C10680 /* CommentPost.swift in Sources */,
				CC086958284D8D14005E74B0 /* ProfileViewModel.swift in Sources */,
				CC7E4D9128400863003E5DB1 /* LoginViewController.swift in Sources */,
				6E4DDBBF286641690038E652 /* PostViewController.swift in Sources */,
				CCCB48A8285C0C3300AEC1E2 /* PostService.swift in Sources */,
				144FF8AC285FABD90014B6E7 /* ScheduleDetailViewController.swift in Sources */,
				CC52D99E2862446C00C10680 /* LikePost.swift in Sources */,
				6E277B5628590D4B00672B92 /* RegisterViewModel.swift in Sources */,
				CCA94974283D642E00A6FB05 /* AppDelegate.swift in Sources */,
				CC1CB0842842E1320079501C /* CustomTabBarViewController.swift in Sources */,
				CC79805E284153FA00ECD18C /* ScheduleTableViewCell.swift in Sources */,
				144FF8B0285FACC70014B6E7 /* RegisterTrainingViewModel.swift in Sources */,
				CCBDF758286A3FA9009F3FB9 /* NewPostViewModel.swift in Sources */,
				CC3E326D285A4CD600B7AA7B /* String+Extension.swift in Sources */,
				9091028628624C5200A03DFF /* TrainingViewController.swift in Sources */,
				CC22396E284FC69B00CBB22C /* ScheduleViewModel.swift in Sources */,
				6E3B8ED92857BCDA0023E5A7 /* LoginViewModel.swift in Sources */,
				CC9FE1722857CCDB0010EE58 /* HideKeyboard+Extension.swift in Sources */,
				CCA94976283D642E00A6FB05 /* SceneDelegate.swift in Sources */,
				CCCB48AA285C36EC00AEC1E2 /* PostsViewModel.swift in Sources */,
				CC63E188285A520F009446D2 /* UserDefaults+Extension.swift in Sources */,
				90D0FFD028513FA000143DB3 /* TrainingDetailViewController.swift in Sources */,
				CCCB48A6285C0A2A00AEC1E2 /* Post.swift in Sources */,
				144FF8B1285FACC70014B6E7 /* SchedulesViewModel.swift in Sources */,
				90D0FFD42851448D00143DB3 /* TrainingTableViewCell.swift in Sources */,
				CC42A676285C516500F2F857 /* PostCollectionViewCell.swift in Sources */,
				90D000122857AE8500143DB3 /* AuthService.swift in Sources */,
				CC9FE16F2857A86C0010EE58 /* Auth.swift in Sources */,
				CC7A2A212863B05A00E9943B /* TrainingDetailViewModel.swift in Sources */,
				14C0AD4A28454F7200E5FEA4 /* User.swift in Sources */,
				90B2B483284D4FC0003AAA91 /* ProfileTableViewCell.swift in Sources */,
				90293CD628403A38000964FE /* RegisterViewController.swift in Sources */,
				144FF8B42860F8FE0014B6E7 /* TrainingHoursService.swift in Sources */,
				6EB425A028415719005AE67C /* ScheduleViewController.swift in Sources */,
				CC9B2E82285949A40081745D /* Date+Extension.swift in Sources */,
				CCAF5FE0284ED7F900678230 /* UserService.swift in Sources */,
				CCE105702850E4B5006376B8 /* DayViewModel.swift in Sources */,
				CCE1F20B28652BE00072F231 /* TrainingUserSection.swift in Sources */,
				14C0AD4C28454FB000E5FEA4 /* Training.swift in Sources */,
				90B2B481284D4D59003AAA91 /* ProfileViewController.swift in Sources */,
				CC52D9992862440F00C10680 /* TrainingUser.swift in Sources */,
				6EABD7872849343100444347 /* FeedViewController.swift in Sources */,
				CC52D997286243FA00C10680 /* TrainingHours.swift in Sources */,
				144FF8B2285FACC70014B6E7 /* ScheduleDetailViewModel.swift in Sources */,
				144FF8AA285FABBA0014B6E7 /* ScheduleDetailTableViewCell.swift in Sources */,
				CC79805C284153B700ECD18C /* DateCollectionViewCell.swift in Sources */,
				CCE1F2032864EECB0072F231 /* TrainingViewModel.swift in Sources */,
				90D0FFD2285140E300143DB3 /* TrainingsViewModel.swift in Sources */,
				CC52D9A12862449C00C10680 /* UserResponse.swift in Sources */,
			);
			runOnlyForDeploymentPostprocessing = 0;
		};
/* End PBXSourcesBuildPhase section */

/* Begin PBXVariantGroup section */
		CCA94979283D642E00A6FB05 /* Main.storyboard */ = {
			isa = PBXVariantGroup;
			children = (
				CCA9497A283D642E00A6FB05 /* Base */,
			);
			name = Main.storyboard;
			sourceTree = "<group>";
		};
		CCA9497E283D643000A6FB05 /* LaunchScreen.storyboard */ = {
			isa = PBXVariantGroup;
			children = (
				CCA9497F283D643000A6FB05 /* Base */,
			);
			name = LaunchScreen.storyboard;
			sourceTree = "<group>";
		};
/* End PBXVariantGroup section */

/* Begin XCBuildConfiguration section */
		CCA94982283D643000A6FB05 /* Debug */ = {
			isa = XCBuildConfiguration;
			buildSettings = {
				ALWAYS_SEARCH_USER_PATHS = NO;
				CLANG_ANALYZER_NONNULL = YES;
				CLANG_ANALYZER_NUMBER_OBJECT_CONVERSION = YES_AGGRESSIVE;
				CLANG_CXX_LANGUAGE_STANDARD = "gnu++17";
				CLANG_ENABLE_MODULES = YES;
				CLANG_ENABLE_OBJC_ARC = YES;
				CLANG_ENABLE_OBJC_WEAK = YES;
				CLANG_WARN_BLOCK_CAPTURE_AUTORELEASING = YES;
				CLANG_WARN_BOOL_CONVERSION = YES;
				CLANG_WARN_COMMA = YES;
				CLANG_WARN_CONSTANT_CONVERSION = YES;
				CLANG_WARN_DEPRECATED_OBJC_IMPLEMENTATIONS = YES;
				CLANG_WARN_DIRECT_OBJC_ISA_USAGE = YES_ERROR;
				CLANG_WARN_DOCUMENTATION_COMMENTS = YES;
				CLANG_WARN_EMPTY_BODY = YES;
				CLANG_WARN_ENUM_CONVERSION = YES;
				CLANG_WARN_INFINITE_RECURSION = YES;
				CLANG_WARN_INT_CONVERSION = YES;
				CLANG_WARN_NON_LITERAL_NULL_CONVERSION = YES;
				CLANG_WARN_OBJC_IMPLICIT_RETAIN_SELF = YES;
				CLANG_WARN_OBJC_LITERAL_CONVERSION = YES;
				CLANG_WARN_OBJC_ROOT_CLASS = YES_ERROR;
				CLANG_WARN_QUOTED_INCLUDE_IN_FRAMEWORK_HEADER = YES;
				CLANG_WARN_RANGE_LOOP_ANALYSIS = YES;
				CLANG_WARN_STRICT_PROTOTYPES = YES;
				CLANG_WARN_SUSPICIOUS_MOVE = YES;
				CLANG_WARN_UNGUARDED_AVAILABILITY = YES_AGGRESSIVE;
				CLANG_WARN_UNREACHABLE_CODE = YES;
				CLANG_WARN__DUPLICATE_METHOD_MATCH = YES;
				COPY_PHASE_STRIP = NO;
				DEBUG_INFORMATION_FORMAT = dwarf;
				ENABLE_STRICT_OBJC_MSGSEND = YES;
				ENABLE_TESTABILITY = YES;
				GCC_C_LANGUAGE_STANDARD = gnu11;
				GCC_DYNAMIC_NO_PIC = NO;
				GCC_NO_COMMON_BLOCKS = YES;
				GCC_OPTIMIZATION_LEVEL = 0;
				GCC_PREPROCESSOR_DEFINITIONS = (
					"DEBUG=1",
					"$(inherited)",
				);
				GCC_WARN_64_TO_32_BIT_CONVERSION = YES;
				GCC_WARN_ABOUT_RETURN_TYPE = YES_ERROR;
				GCC_WARN_UNDECLARED_SELECTOR = YES;
				GCC_WARN_UNINITIALIZED_AUTOS = YES_AGGRESSIVE;
				GCC_WARN_UNUSED_FUNCTION = YES;
				GCC_WARN_UNUSED_VARIABLE = YES;
				IPHONEOS_DEPLOYMENT_TARGET = 15.5;
				MTL_ENABLE_DEBUG_INFO = INCLUDE_SOURCE;
				MTL_FAST_MATH = YES;
				ONLY_ACTIVE_ARCH = YES;
				SDKROOT = iphoneos;
				SWIFT_ACTIVE_COMPILATION_CONDITIONS = DEBUG;
				SWIFT_OPTIMIZATION_LEVEL = "-Onone";
			};
			name = Debug;
		};
		CCA94983283D643000A6FB05 /* Release */ = {
			isa = XCBuildConfiguration;
			buildSettings = {
				ALWAYS_SEARCH_USER_PATHS = NO;
				CLANG_ANALYZER_NONNULL = YES;
				CLANG_ANALYZER_NUMBER_OBJECT_CONVERSION = YES_AGGRESSIVE;
				CLANG_CXX_LANGUAGE_STANDARD = "gnu++17";
				CLANG_ENABLE_MODULES = YES;
				CLANG_ENABLE_OBJC_ARC = YES;
				CLANG_ENABLE_OBJC_WEAK = YES;
				CLANG_WARN_BLOCK_CAPTURE_AUTORELEASING = YES;
				CLANG_WARN_BOOL_CONVERSION = YES;
				CLANG_WARN_COMMA = YES;
				CLANG_WARN_CONSTANT_CONVERSION = YES;
				CLANG_WARN_DEPRECATED_OBJC_IMPLEMENTATIONS = YES;
				CLANG_WARN_DIRECT_OBJC_ISA_USAGE = YES_ERROR;
				CLANG_WARN_DOCUMENTATION_COMMENTS = YES;
				CLANG_WARN_EMPTY_BODY = YES;
				CLANG_WARN_ENUM_CONVERSION = YES;
				CLANG_WARN_INFINITE_RECURSION = YES;
				CLANG_WARN_INT_CONVERSION = YES;
				CLANG_WARN_NON_LITERAL_NULL_CONVERSION = YES;
				CLANG_WARN_OBJC_IMPLICIT_RETAIN_SELF = YES;
				CLANG_WARN_OBJC_LITERAL_CONVERSION = YES;
				CLANG_WARN_OBJC_ROOT_CLASS = YES_ERROR;
				CLANG_WARN_QUOTED_INCLUDE_IN_FRAMEWORK_HEADER = YES;
				CLANG_WARN_RANGE_LOOP_ANALYSIS = YES;
				CLANG_WARN_STRICT_PROTOTYPES = YES;
				CLANG_WARN_SUSPICIOUS_MOVE = YES;
				CLANG_WARN_UNGUARDED_AVAILABILITY = YES_AGGRESSIVE;
				CLANG_WARN_UNREACHABLE_CODE = YES;
				CLANG_WARN__DUPLICATE_METHOD_MATCH = YES;
				COPY_PHASE_STRIP = NO;
				DEBUG_INFORMATION_FORMAT = "dwarf-with-dsym";
				ENABLE_NS_ASSERTIONS = NO;
				ENABLE_STRICT_OBJC_MSGSEND = YES;
				GCC_C_LANGUAGE_STANDARD = gnu11;
				GCC_NO_COMMON_BLOCKS = YES;
				GCC_WARN_64_TO_32_BIT_CONVERSION = YES;
				GCC_WARN_ABOUT_RETURN_TYPE = YES_ERROR;
				GCC_WARN_UNDECLARED_SELECTOR = YES;
				GCC_WARN_UNINITIALIZED_AUTOS = YES_AGGRESSIVE;
				GCC_WARN_UNUSED_FUNCTION = YES;
				GCC_WARN_UNUSED_VARIABLE = YES;
				IPHONEOS_DEPLOYMENT_TARGET = 15.5;
				MTL_ENABLE_DEBUG_INFO = NO;
				MTL_FAST_MATH = YES;
				SDKROOT = iphoneos;
				SWIFT_COMPILATION_MODE = wholemodule;
				SWIFT_OPTIMIZATION_LEVEL = "-O";
				VALIDATE_PRODUCT = YES;
			};
			name = Release;
		};
		CCA94985283D643000A6FB05 /* Debug */ = {
			isa = XCBuildConfiguration;
			baseConfigurationReference = 6FDAE7A2B05CA73E29CD5B3C /* Pods-ArmyFit.debug.xcconfig */;
			buildSettings = {
				ASSETCATALOG_COMPILER_APPICON_NAME = AppIcon;
				ASSETCATALOG_COMPILER_GLOBAL_ACCENT_COLOR_NAME = AccentColor;
				CODE_SIGN_STYLE = Automatic;
				CURRENT_PROJECT_VERSION = 1;
				DEVELOPMENT_TEAM = L859KY23VK;
				GENERATE_INFOPLIST_FILE = YES;
				INFOPLIST_FILE = ArmyFit/Info.plist;
				INFOPLIST_KEY_UIApplicationSupportsIndirectInputEvents = YES;
				INFOPLIST_KEY_UILaunchStoryboardName = LaunchScreen;
				INFOPLIST_KEY_UIMainStoryboardFile = Main;
				INFOPLIST_KEY_UISupportedInterfaceOrientations_iPad = "UIInterfaceOrientationPortrait UIInterfaceOrientationPortraitUpsideDown UIInterfaceOrientationLandscapeLeft UIInterfaceOrientationLandscapeRight";
				INFOPLIST_KEY_UISupportedInterfaceOrientations_iPhone = "UIInterfaceOrientationPortrait UIInterfaceOrientationLandscapeLeft UIInterfaceOrientationLandscapeRight";
				IPHONEOS_DEPLOYMENT_TARGET = 15.5;
				LD_RUNPATH_SEARCH_PATHS = (
					"$(inherited)",
					"@executable_path/Frameworks",
				);
				MARKETING_VERSION = 1.0;
				PRODUCT_BUNDLE_IDENTIFIER = com.jeanlucas.ArmyFit;
				PRODUCT_NAME = "$(TARGET_NAME)";
				SWIFT_EMIT_LOC_STRINGS = YES;
				SWIFT_VERSION = 5.0;
				TARGETED_DEVICE_FAMILY = "1,2";
			};
			name = Debug;
		};
		CCA94986283D643000A6FB05 /* Release */ = {
			isa = XCBuildConfiguration;
			baseConfigurationReference = 61915DC3C8EEC918FBE56A8D /* Pods-ArmyFit.release.xcconfig */;
			buildSettings = {
				ASSETCATALOG_COMPILER_APPICON_NAME = AppIcon;
				ASSETCATALOG_COMPILER_GLOBAL_ACCENT_COLOR_NAME = AccentColor;
				CODE_SIGN_STYLE = Automatic;
				CURRENT_PROJECT_VERSION = 1;
				DEVELOPMENT_TEAM = L859KY23VK;
				GENERATE_INFOPLIST_FILE = YES;
				INFOPLIST_FILE = ArmyFit/Info.plist;
				INFOPLIST_KEY_UIApplicationSupportsIndirectInputEvents = YES;
				INFOPLIST_KEY_UILaunchStoryboardName = LaunchScreen;
				INFOPLIST_KEY_UIMainStoryboardFile = Main;
				INFOPLIST_KEY_UISupportedInterfaceOrientations_iPad = "UIInterfaceOrientationPortrait UIInterfaceOrientationPortraitUpsideDown UIInterfaceOrientationLandscapeLeft UIInterfaceOrientationLandscapeRight";
				INFOPLIST_KEY_UISupportedInterfaceOrientations_iPhone = "UIInterfaceOrientationPortrait UIInterfaceOrientationLandscapeLeft UIInterfaceOrientationLandscapeRight";
				IPHONEOS_DEPLOYMENT_TARGET = 15.5;
				LD_RUNPATH_SEARCH_PATHS = (
					"$(inherited)",
					"@executable_path/Frameworks",
				);
				MARKETING_VERSION = 1.0;
				PRODUCT_BUNDLE_IDENTIFIER = com.jeanlucas.ArmyFit;
				PRODUCT_NAME = "$(TARGET_NAME)";
				SWIFT_EMIT_LOC_STRINGS = YES;
				SWIFT_VERSION = 5.0;
				TARGETED_DEVICE_FAMILY = "1,2";
			};
			name = Release;
		};
/* End XCBuildConfiguration section */

/* Begin XCConfigurationList section */
		CCA9496B283D642E00A6FB05 /* Build configuration list for PBXProject "ArmyFit" */ = {
			isa = XCConfigurationList;
			buildConfigurations = (
				CCA94982283D643000A6FB05 /* Debug */,
				CCA94983283D643000A6FB05 /* Release */,
			);
			defaultConfigurationIsVisible = 0;
			defaultConfigurationName = Release;
		};
		CCA94984283D643000A6FB05 /* Build configuration list for PBXNativeTarget "ArmyFit" */ = {
			isa = XCConfigurationList;
			buildConfigurations = (
				CCA94985283D643000A6FB05 /* Debug */,
				CCA94986283D643000A6FB05 /* Release */,
			);
			defaultConfigurationIsVisible = 0;
			defaultConfigurationName = Release;
		};
/* End XCConfigurationList section */
	};
	rootObject = CCA94968283D642E00A6FB05 /* Project object */;
}
